{
  "requires": true,
  "lockfileVersion": 1,
  "dependencies": {
    "@types/mocha": {
      "version": "8.0.4",
      "resolved": "https://registry.npmjs.org/@types/mocha/-/mocha-8.0.4.tgz",
      "integrity": "sha512-M4BwiTJjHmLq6kjON7ZoI2JMlBvpY3BYSdiP6s/qCT3jb1s9/DeJF0JELpAxiVSIxXDzfNKe+r7yedMIoLbknQ=="
    },
    "save-dev": {
      "version": "0.0.1-security",
      "resolved": "https://registry.npmjs.org/save-dev/-/save-dev-0.0.1-security.tgz",
      "integrity": "sha512-k6knZTDNK8PKKbIqnvxiOveJinuw2LcQjqDoaorZWP9M5AR2EPsnpDeSbeoZZ0pHr5ze1uoaKdK8NBGQrJ34Uw=="
    }
  }
}
